
Microsoft Visual Studio Solution File, Format Version 12.00
# Visual Studio Version 16
VisualStudioVersion = 16.0.30621.155
MinimumVisualStudioVersion = 10.0.40219.1
Project("{9A19103F-16F7-4668-BE54-9A1E7A4F7556}") = "StockInAll.App", "src\StockInAll.App\StockInAll.App.csproj", "{3F448D6F-C198-4662-8BF6-C03BA897ACDB}"
EndProject
Global
	GlobalSection(SolutionConfigurationPlatforms) = preSolution
		Debug|Any CPU = Debug|Any CPU
		Release|Any CPU = Release|Any CPU
	EndGlobalSection
	GlobalSection(ProjectConfigurationPlatforms) = postSolution
		{3F448D6F-C198-4662-8BF6-C03BA897ACDB}.Debug|Any CPU.ActiveCfg = Debug|Any CPU
		{3F448D6F-C198-4662-8BF6-C03BA897ACDB}.Debug|Any CPU.Build.0 = Debug|Any CPU
		{3F448D6F-C198-4662-8BF6-C03BA897ACDB}.Release|Any CPU.ActiveCfg = Release|Any CPU
		{3F448D6F-C198-4662-8BF6-C03BA897ACDB}.Release|Any CPU.Build.0 = Release|Any CPU
	EndGlobalSection
	GlobalSection(SolutionProperties) = preSolution
		HideSolutionNode = FALSE
	EndGlobalSection
	GlobalSection(ExtensibilityGlobals) = postSolution
		SolutionGuid = {73940954-8B47-4382-A909-3BEE1882632D}
	EndGlobalSection
EndGlobal
